# THIS IS AN AUTOGENERATED FILE. DO NOT EDIT THIS FILE DIRECTLY.
# yarn lockfile v1


"@types/uuid@^7.0.3":
  version "7.0.3"
  resolved "https://olx.jfrog.io/olx/api/npm/nc-olxeu-new-jobs-virtual/@types/uuid/-/uuid-7.0.3.tgz#45cd03e98e758f8581c79c535afbd4fc27ba7ac8"
  integrity sha1-Rc0D6Y51j4WBx5xTWvvU/Ce6esg=

uuid@^8.0.0:
  version "8.0.0"
  resolved "https://olx.jfrog.io/olx/api/npm/nc-olxeu-new-jobs-virtual/uuid/-/uuid-8.0.0.tgz#bc6ccf91b5ff0ac07bbcdbf1c7c4e150db4dbb6c"
  integrity sha1-vGzPkbX/CsB7vNvxx8ThUNtNu2w=
